
Microsoft Visual Studio Solution File, Format Version 12.00
# Visual Studio 14
VisualStudioVersion = 14.0.24720.0
MinimumVisualStudioVersion = 10.0.40219.1
Project("{FAE04EC0-301F-11D3-BF4B-00C04F79EFBC}") = "Netflix Catalogue", "Netflix Catalogue\Netflix Catalogue.csproj", "{4F56638A-56C7-46CA-A5E6-550C589F1FD7}"
EndProject
Project("{F088123C-0E9E-452A-89E6-6BA2F21D5CAC}") = "Netflix UML", "Netflix UML\Netflix UML.modelproj", "{788896F4-216F-42F5-8963-6F95C37B14C1}"
EndProject
Project("{FAE04EC0-301F-11D3-BF4B-00C04F79EFBC}") = "Netflix CatalogueTests", "Netflix CatalogueTests\Netflix CatalogueTests.csproj", "{5EB3FE68-A52D-4DF7-9548-31ACA52F0479}"
EndProject
Global
	GlobalSection(SolutionConfigurationPlatforms) = preSolution
		Debug|Any CPU = Debug|Any CPU
		Release|Any CPU = Release|Any CPU
	EndGlobalSection
	GlobalSection(ProjectConfigurationPlatforms) = postSolution
		{4F56638A-56C7-46CA-A5E6-550C589F1FD7}.Debug|Any CPU.ActiveCfg = Debug|Any CPU
		{4F56638A-56C7-46CA-A5E6-550C589F1FD7}.Debug|Any CPU.Build.0 = Debug|Any CPU
		{4F56638A-56C7-46CA-A5E6-550C589F1FD7}.Release|Any CPU.ActiveCfg = Release|Any CPU
		{4F56638A-56C7-46CA-A5E6-550C589F1FD7}.Release|Any CPU.Build.0 = Release|Any CPU
		{788896F4-216F-42F5-8963-6F95C37B14C1}.Debug|Any CPU.ActiveCfg = Debug|Any CPU
		{788896F4-216F-42F5-8963-6F95C37B14C1}.Debug|Any CPU.Build.0 = Debug|Any CPU
		{788896F4-216F-42F5-8963-6F95C37B14C1}.Release|Any CPU.ActiveCfg = Release|Any CPU
		{788896F4-216F-42F5-8963-6F95C37B14C1}.Release|Any CPU.Build.0 = Release|Any CPU
		{5EB3FE68-A52D-4DF7-9548-31ACA52F0479}.Debug|Any CPU.ActiveCfg = Debug|Any CPU
		{5EB3FE68-A52D-4DF7-9548-31ACA52F0479}.Debug|Any CPU.Build.0 = Debug|Any CPU
		{5EB3FE68-A52D-4DF7-9548-31ACA52F0479}.Release|Any CPU.ActiveCfg = Release|Any CPU
		{5EB3FE68-A52D-4DF7-9548-31ACA52F0479}.Release|Any CPU.Build.0 = Release|Any CPU
	EndGlobalSection
	GlobalSection(SolutionProperties) = preSolution
		HideSolutionNode = FALSE
	EndGlobalSection
EndGlobal
